version = 1
revision = 3
requires-python = ">=3.11, <3.13"
resolution-markers = [
    "python_full_version >= '3.12' and sys_platform == 'darwin'",
    "python_full_version >= '3.12' and platform_machine == 'aarch64' and sys_platform == 'linux'",
    "(python_full_version >= '3.12' and platform_machine != 'aarch64' and sys_platform == 'linux') or (python_full_version >= '3.12' and sys_platform != 'darwin' and sys_platform != 'linux')",
    "python_full_version < '3.12' and sys_platform == 'darwin'",
    "python_full_version < '3.12' and platform_machine == 'aarch64' and sys_platform == 'linux'",
    "(python_full_version < '3.12' and platform_machine != 'aarch64' and sys_platform == 'linux') or (python_full_version < '3.12' and sys_platform != 'darwin' and sys_platform != 'linux')",
]

[[package]]
name = "cctv-gpu-engine"
version = "0.1.0"
source = { virtual = "." }
dependencies = [
    { name = "numpy" },
    { name = "nvidia-cublas-cu12", marker = "sys_platform == 'linux'" },
    { name = "onnxruntime", marker = "sys_platform != 'linux'" },
    { name = "onnxruntime-gpu", extra = ["cuda", "cudnn"], marker = "sys_platform == 'linux'" },
    { name = "opencv-python-headless" },
    { name = "pillow" },
]

[package.dev-dependencies]
dev = [
    { name = "pytest" },
    { name = "pytest-mock" },
]

[package.metadata]
requires-dist = [
    { name = "numpy", specifier = ">=1.26,<2.0" },
    { name = "nvidia-cublas-cu12", marker = "sys_platform == 'linux'", specifier = ">=12.0" },
    { name = "onnxruntime", marker = "sys_platform != 'linux'", specifier = ">=1.17" },
    { name = "onnxruntime-gpu", extras = ["cuda", "cudnn"], marker = "sys_platform == 'linux'", specifier = ">=1.17" },
    { name = "opencv-python-headless", specifier = ">=4.8" },
    { name = "pillow", specifier = ">=10.0" },
]

[package.metadata.requires-dev]
dev = [
    { name = "pytest", specifier = ">=8.0" },
    { name = "pytest-mock", specifier = ">=3.12" },
]

[[package]]
name = "colorama"
version = "0.4.6"
source = { registry = "https://pypi.org/simple" }
sdist = { url = "https://files.pythonhosted.org/packages/d8/53/6f443c9a4a8358a93a6792e2acffb9d9d5cb0a5cfd8802644b7b1c9a02e4/colorama-0.4.6.tar.gz", hash = "sha256:08695f5cb7ed6e0531a20572697297273c47b8cae5a63ffc6d6ed5c201be6e44", size = 27697, upload-time = "2022-10-25T02:36:22.414Z" }
wheels = [
    { url = "https://files.pythonhosted.org/packages/d1/d6/3965ed04c63042e047cb6a3e6ed1a63a35087b6a609aa3a15ed8ac56c221/colorama-0.4.6-py2.py3-none-any.whl", hash = "sha256:4f1d9991f5acc0ca119f9d443620b77f9d6b33703e51011c16baf57afb285fc6", size = 25335, upload-time = "2022-10-25T02:36:20.889Z" },
]

[[package]]
name = "flatbuffers"
version = "25.12.19"
source = { registry = "https://pypi.org/simple" }
wheels = [
    { url = "https://files.pythonhosted.org/packages/e8/2d/d2a548598be01649e2d46231d151a6c56d10b964d94043a335ae56ea2d92/flatbuffers-25.12.19-py2.py3-none-any.whl", hash = "sha256:7634f50c427838bb021c2d66a3d1168e9d199b0607e6329399f04846d42e20b4", size = 26661, upload-time = "2025-12-19T23:16:13.622Z" },
]

[[package]]
name = "iniconfig"
version = "2.3.0"
source = { registry = "https://pypi.org/simple" }
sdist = { url = "https://files.pythonhosted.org/packages/72/34/14ca021ce8e5dfedc35312d08ba8bf51fdd999c576889fc2c24cb97f4f10/iniconfig-2.3.0.tar.gz", hash = "sha256:c76315c77db068650d49c5b56314774a7804df16fee4402c1f19d6d15d8c4730", size = 20503, upload-time = "2025-10-18T21:55:43.219Z" }
wheels = [
    { url = "https://files.pythonhosted.org/packages/cb/b1/3846dd7f199d53cb17f49cba7e651e9ce294d8497c8c150530ed11865bb8/iniconfig-2.3.0-py3-none-any.whl", hash = "sha256:f631c04d2c48c52b84d0d0549c99ff3859c98df65b3101406327ecc7d53fbf12", size = 7484, upload-time = "2025-10-18T21:55:41.639Z" },
]

[[package]]
name = "mpmath"
version = "1.3.0"
source = { registry = "https://pypi.org/simple" }
sdist = { url = "https://files.pythonhosted.org/packages/e0/47/dd32fa426cc72114383ac549964eecb20ecfd886d1e5ccf5340b55b02f57/mpmath-1.3.0.tar.gz", hash = "sha256:7a28eb2a9774d00c7bc92411c19a89209d5da7c4c9a9e227be8330a23a25b91f", size = 508106, upload-time = "2023-03-07T16:47:11.061Z" }
wheels = [
    { url = "https://files.pythonhosted.org/packages/43/e3/7d92a15f894aa0c9c4b49b8ee9ac9850d6e63b03c9c32c0367a13ae62209/mpmath-1.3.0-py3-none-any.whl", hash = "sha256:a0b2b9fe80bbcd81a6647ff13108738cfb482d481d826cc0e02f5b35e5c88d2c", size = 536198, upload-time = "2023-03-07T16:47:09.197Z" },
]

[[package]]
name = "numpy"
version = "1.26.4"
source = { registry = "https://pypi.org/simple" }
sdist = { url = "https://files.pythonhosted.org/packages/65/6e/09db70a523a96d25e115e71cc56a6f9031e7b8cd166c1ac8438307c14058/numpy-1.26.4.tar.gz", hash = "sha256:2a02aba9ed12e4ac4eb3ea9421c420301a0c6460d9830d74a9df87efa4912010", size = 15786129, upload-time = "2024-02-06T00:26:44.495Z" }
wheels = [
    { url = "https://files.pythonhosted.org/packages/11/57/baae43d14fe163fa0e4c47f307b6b2511ab8d7d30177c491960504252053/numpy-1.26.4-cp311-cp311-macosx_10_9_x86_64.whl", hash = "sha256:4c66707fabe114439db9068ee468c26bbdf909cac0fb58686a42a24de1760c71", size = 20630554, upload-time = "2024-02-05T23:51:50.149Z" },
    { url = "https://files.pythonhosted.org/packages/1a/2e/151484f49fd03944c4a3ad9c418ed193cfd02724e138ac8a9505d056c582/numpy-1.26.4-cp311-cp311-macosx_11_0_arm64.whl", hash = "sha256:edd8b5fe47dab091176d21bb6de568acdd906d1887a4584a15a9a96a1dca06ef", size = 13997127, upload-time = "2024-02-05T23:52:15.314Z" },
    { url = "https://files.pythonhosted.org/packages/79/ae/7e5b85136806f9dadf4878bf73cf223fe5c2636818ba3ab1c585d0403164/numpy-1.26.4-cp311-cp311-manylinux_2_17_aarch64.manylinux2014_aarch64.whl", hash = "sha256:7ab55401287bfec946ced39700c053796e7cc0e3acbef09993a9ad2adba6ca6e", size = 14222994, upload-time = "2024-02-05T23:52:47.569Z" },
    { url = "https://files.pythonhosted.org/packages/3a/d0/edc009c27b406c4f9cbc79274d6e46d634d139075492ad055e3d68445925/numpy-1.26.4-cp311-cp311-manylinux_2_17_x86_64.manylinux2014_x86_64.whl", hash = "sha256:666dbfb6ec68962c033a450943ded891bed2d54e6755e35e5835d63f4f6931d5", size = 18252005, upload-time = "2024-02-05T23:53:15.637Z" },
    { url = "https://files.pythonhosted.org/packages/09/bf/2b1aaf8f525f2923ff6cfcf134ae5e750e279ac65ebf386c75a0cf6da06a/numpy-1.26.4-cp311-cp311-musllinux_1_1_aarch64.whl", hash = "sha256:96ff0b2ad353d8f990b63294c8986f1ec3cb19d749234014f4e7eb0112ceba5a", size = 13885297, upload-time = "2024-02-05T23:53:42.16Z" },
    { url = "https://files.pythonhosted.org/packages/df/a0/4e0f14d847cfc2a633a1c8621d00724f3206cfeddeb66d35698c4e2cf3d2/numpy-1.26.4-cp311-cp311-musllinux_1_1_x86_64.whl", hash = "sha256:60dedbb91afcbfdc9bc0b1f3f402804070deed7392c23eb7a7f07fa857868e8a", size = 18093567, upload-time = "2024-02-05T23:54:11.696Z" },
    { url = "https://files.pythonhosted.org/packages/d2/b7/a734c733286e10a7f1a8ad1ae8c90f2d33bf604a96548e0a4a3a6739b468/numpy-1.26.4-cp311-cp311-win32.whl", hash = "sha256:1af303d6b2210eb850fcf03064d364652b7120803a0b872f5211f5234b399f20", size = 5968812, upload-time = "2024-02-05T23:54:26.453Z" },
    { url = "https://files.pythonhosted.org/packages/3f/6b/5610004206cf7f8e7ad91c5a85a8c71b2f2f8051a0c0c4d5916b76d6cbb2/numpy-1.26.4-cp311-cp311-win_amd64.whl", hash = "sha256:cd25bcecc4974d09257ffcd1f098ee778f7834c3ad767fe5db785be9a4aa9cb2", size = 15811913, upload-time = "2024-02-05T23:54:53.933Z" },
    { url = "https://files.pythonhosted.org/packages/95/12/8f2020a8e8b8383ac0177dc9570aad031a3beb12e38847f7129bacd96228/numpy-1.26.4-cp312-cp312-macosx_10_9_x86_64.whl", hash = "sha256:b3ce300f3644fb06443ee2222c2201dd3a89ea6040541412b8fa189341847218", size = 20335901, upload-time = "2024-02-05T23:55:32.801Z" },
    { url = "https://files.pythonhosted.org/packages/75/5b/ca6c8bd14007e5ca171c7c03102d17b4f4e0ceb53957e8c44343a9546dcc/numpy-1.26.4-cp312-cp312-macosx_11_0_arm64.whl", hash = "sha256:03a8c78d01d9781b28a6989f6fa1bb2c4f2d51201cf99d3dd875df6fbd96b23b", size = 13685868, upload-time = "2024-02-05T23:55:56.28Z" },
    { url = "https://files.pythonhosted.org/packages/79/f8/97f10e6755e2a7d027ca783f63044d5b1bc1ae7acb12afe6a9b4286eac17/numpy-1.26.4-cp312-cp312-manylinux_2_17_aarch64.manylinux2014_aarch64.whl", hash = "sha256:9fad7dcb1aac3c7f0584a5a8133e3a43eeb2fe127f47e3632d43d677c66c102b", size = 13925109, upload-time = "2024-02-05T23:56:20.368Z" },
    { url = "https://files.pythonhosted.org/packages/0f/50/de23fde84e45f5c4fda2488c759b69990fd4512387a8632860f3ac9cd225/numpy-1.26.4-cp312-cp312-manylinux_2_17_x86_64.manylinux2014_x86_64.whl", hash = "sha256:675d61ffbfa78604709862923189bad94014bef562cc35cf61d3a07bba02a7ed", size = 17950613, upload-time = "2024-02-05T23:56:56.054Z" },
    { url = "https://files.pythonhosted.org/packages/4c/0c/9c603826b6465e82591e05ca230dfc13376da512b25ccd0894709b054ed0/numpy-1.26.4-cp312-cp312-musllinux_1_1_aarch64.whl", hash = "sha256:ab47dbe5cc8210f55aa58e4805fe224dac469cde56b9f731a4c098b91917159a", size = 13572172, upload-time = "2024-02-05T23:57:21.56Z" },
    { url = "https://files.pythonhosted.org/packages/76/8c/2ba3902e1a0fc1c74962ea9bb33a534bb05984ad7ff9515bf8d07527cadd/numpy-1.26.4-cp312-cp312-musllinux_1_1_x86_64.whl", hash = "sha256:1dda2e7b4ec9dd512f84935c5f126c8bd8b9f2fc001e9f54af255e8c5f16b0e0", size = 17786643, upload-time = "2024-02-05T23:57:56.585Z" },
    { url = "https://files.pythonhosted.org/packages/28/4a/46d9e65106879492374999e76eb85f87b15328e06bd1550668f79f7b18c6/numpy-1.26.4-cp312-cp312-win32.whl", hash = "sha256:50193e430acfc1346175fcbdaa28ffec49947a06918b7b92130744e81e640110", size = 5677803, upload-time = "2024-02-05T23:58:08.963Z" },
    { url = "https://files.pythonhosted.org/packages/16/2e/86f24451c2d530c88daf997cb8d6ac622c1d40d19f5a031ed68a4b73a374/numpy-1.26.4-cp312-cp312-win_amd64.whl", hash = "sha256:08beddf13648eb95f8d867350f6a018a4be2e5ad54c8d8caed89ebca558b2818", size = 15517754, upload-time = "2024-02-05T23:58:36.364Z" },
]

[[package]]
name = "nvidia-cublas-cu12"
version = "12.9.2.10"
source = { registry = "https://pypi.org/simple" }
dependencies = [
    { name = "nvidia-cuda-nvrtc-cu12", marker = "sys_platform != 'darwin'" },
]
sdist = { url = "https://files.pythonhosted.org/packages/04/1b/54f7595727516ba21b59dd8607ade5e6dda973462264be9af74b5ee0dee3/nvidia_cublas_cu12-12.9.2.10.tar.gz", hash = "sha256:7caf6512c921f956e5e609378e8332be502d7e5108deaade5c7ecf6b8042e842", size = 15431, upload-time = "2026-03-24T04:05:24.555Z" }

[[package]]
name = "nvidia-cuda-nvrtc-cu12"
version = "12.9.86"
source = { registry = "https://pypi.org/simple" }
wheels = [
    { url = "https://files.pythonhosted.org/packages/b8/85/e4af82cc9202023862090bfca4ea827d533329e925c758f0cde964cb54b7/nvidia_cuda_nvrtc_cu12-12.9.86-py3-none-manylinux2010_x86_64.manylinux_2_12_x86_64.whl", hash = "sha256:210cf05005a447e29214e9ce50851e83fc5f4358df8b453155d5e1918094dcb4", size = 89568129, upload-time = "2025-06-05T20:02:41.973Z" },
    { url = "https://files.pythonhosted.org/packages/64/eb/c2295044b8f3b3b08860e2f6a912b702fc92568a167259df5dddb78f325e/nvidia_cuda_nvrtc_cu12-12.9.86-py3-none-manylinux2014_aarch64.manylinux_2_17_aarch64.whl", hash = "sha256:096d4de6bda726415dfaf3198d4f5c522b8e70139c97feef5cd2ca6d4cd9cead", size = 44528905, upload-time = "2025-06-05T20:02:29.754Z" },
]

[[package]]
name = "nvidia-cuda-runtime-cu12"
version = "12.9.79"
source = { registry = "https://pypi.org/simple" }
wheels = [
    { url = "https://files.pythonhosted.org/packages/bc/e0/0279bd94539fda525e0c8538db29b72a5a8495b0c12173113471d28bce78/nvidia_cuda_runtime_cu12-12.9.79-py3-none-manylinux2014_aarch64.manylinux_2_17_aarch64.whl", hash = "sha256:83469a846206f2a733db0c42e223589ab62fd2fabac4432d2f8802de4bded0a4", size = 3515012, upload-time = "2025-06-05T20:00:35.519Z" },
    { url = "https://files.pythonhosted.org/packages/bc/46/a92db19b8309581092a3add7e6fceb4c301a3fd233969856a8cbf042cd3c/nvidia_cuda_runtime_cu12-12.9.79-py3-none-manylinux2014_x86_64.manylinux_2_17_x86_64.whl", hash = "sha256:25bba2dfb01d48a9b59ca474a1ac43c6ebf7011f1b0b8cc44f54eb6ac48a96c3", size = 3493179, upload-time = "2025-06-05T20:00:53.735Z" },
]

[[package]]
name = "nvidia-cudnn-cu12"
version = "9.20.0.48"
source = { registry = "https://pypi.org/simple" }
dependencies = [
    { name = "nvidia-cublas-cu12", marker = "sys_platform != 'darwin'" },
]
wheels = [
    { url = "https://files.pythonhosted.org/packages/0c/77/1c382fdc5de163b2ff14d6174d12dc318c0a42302f5e3a4fbc5114ab0501/nvidia_cudnn_cu12-9.20.0.48-py3-none-manylinux_2_27_aarch64.whl", hash = "sha256:d9da9c15344323afae571751393552652c52486eab0b886530997bef664e29de", size = 664659972, upload-time = "2026-03-09T19:27:37.986Z" },
    { url = "https://files.pythonhosted.org/packages/3b/52/94aecda69df65ba1079a8b7dbe84632af5614dc0ed2c733185f6431874e3/nvidia_cudnn_cu12-9.20.0.48-py3-none-manylinux_2_27_x86_64.whl", hash = "sha256:7d7479e1321c7a039b33827f0247791ee1be091759032c1f66a287c4a643396a", size = 657910570, upload-time = "2026-03-09T19:28:58.944Z" },
]

[[package]]
name = "nvidia-cufft-cu12"
version = "11.4.1.4"
source = { registry = "https://pypi.org/simple" }
dependencies = [
    { name = "nvidia-nvjitlink-cu12", marker = "sys_platform != 'darwin'" },
]
wheels = [
    { url = "https://files.pythonhosted.org/packages/9b/2b/76445b0af890da61b501fde30650a1a4bd910607261b209cccb5235d3daa/nvidia_cufft_cu12-11.4.1.4-py3-none-manylinux2014_aarch64.manylinux_2_17_aarch64.whl", hash = "sha256:1a28c9b12260a1aa7a8fd12f5ebd82d027963d635ba82ff39a1acfa7c4c0fbcf", size = 200822453, upload-time = "2025-06-05T20:05:27.889Z" },
    { url = "https://files.pythonhosted.org/packages/95/f4/61e6996dd20481ee834f57a8e9dca28b1869366a135e0d42e2aa8493bdd4/nvidia_cufft_cu12-11.4.1.4-py3-none-manylinux2014_x86_64.manylinux_2_17_x86_64.whl", hash = "sha256:c67884f2a7d276b4b80eb56a79322a95df592ae5e765cf1243693365ccab4e28", size = 200877592, upload-time = "2025-06-05T20:05:45.862Z" },
]

[[package]]
name = "nvidia-curand-cu12"
version = "10.3.10.19"
source = { registry = "https://pypi.org/simple" }
wheels = [
    { url = "https://files.pythonhosted.org/packages/14/1c/2a45afc614d99558d4a773fa740d8bb5471c8398eeed925fc0fcba020173/nvidia_curand_cu12-10.3.10.19-py3-none-manylinux_2_27_aarch64.whl", hash = "sha256:de663377feb1697e1d30ed587b07d5721fdd6d2015c738d7528a6002a6134d37", size = 68292066, upload-time = "2025-05-01T19:39:13.595Z" },
    { url = "https://files.pythonhosted.org/packages/31/44/193a0e171750ca9f8320626e8a1f2381e4077a65e69e2fb9708bd479e34a/nvidia_curand_cu12-10.3.10.19-py3-none-manylinux_2_27_x86_64.whl", hash = "sha256:49b274db4780d421bd2ccd362e1415c13887c53c214f0d4b761752b8f9f6aa1e", size = 68295626, upload-time = "2025-05-01T19:39:38.885Z" },
]

[[package]]
name = "nvidia-nvjitlink-cu12"
version = "12.9.86"
source = { registry = "https://pypi.org/simple" }
wheels = [
    { url = "https://files.pythonhosted.org/packages/46/0c/c75bbfb967457a0b7670b8ad267bfc4fffdf341c074e0a80db06c24ccfd4/nvidia_nvjitlink_cu12-12.9.86-py3-none-manylinux2010_x86_64.manylinux_2_12_x86_64.whl", hash = "sha256:e3f1171dbdc83c5932a45f0f4c99180a70de9bd2718c1ab77d14104f6d7147f9", size = 39748338, upload-time = "2025-06-05T20:10:25.613Z" },
    { url = "https://files.pythonhosted.org/packages/97/bc/2dcba8e70cf3115b400fef54f213bcd6715a3195eba000f8330f11e40c45/nvidia_nvjitlink_cu12-12.9.86-py3-none-manylinux2014_aarch64.manylinux_2_17_aarch64.whl", hash = "sha256:994a05ef08ef4b0b299829cde613a424382aff7efb08a7172c1fa616cc3af2ca", size = 39514880, upload-time = "2025-06-05T20:10:04.89Z" },
]

[[package]]
name = "onnxruntime"
version = "1.24.4"
source = { registry = "https://pypi.org/simple" }
dependencies = [
    { name = "flatbuffers", marker = "platform_machine != 'aarch64' or sys_platform != 'linux'" },
    { name = "numpy", marker = "platform_machine != 'aarch64' or sys_platform != 'linux'" },
    { name = "packaging", marker = "platform_machine != 'aarch64' or sys_platform != 'linux'" },
    { name = "protobuf", marker = "platform_machine != 'aarch64' or sys_platform != 'linux'" },
    { name = "sympy", marker = "platform_machine != 'aarch64' or sys_platform != 'linux'" },
]
wheels = [
    { url = "https://files.pythonhosted.org/packages/60/69/6c40720201012c6af9aa7d4ecdd620e521bd806dc6269d636fdd5c5aeebe/onnxruntime-1.24.4-cp311-cp311-macosx_14_0_arm64.whl", hash = "sha256:0bdfce8e9a6497cec584aab407b71bf697dac5e1b7b7974adc50bf7533bdb3a2", size = 17332131, upload-time = "2026-03-17T22:05:49.005Z" },
    { url = "https://files.pythonhosted.org/packages/dd/59/8febe015f391aa1757fa5ba82c759ea4b6c14ef970132efb5e316665ba61/onnxruntime-1.24.4-cp311-cp311-win_amd64.whl", hash = "sha256:b43b63eb24a2bc8fc77a09be67587a570967a412cccb837b6245ccb546691153", size = 12594863, upload-time = "2026-03-17T22:05:38.749Z" },
    { url = "https://files.pythonhosted.org/packages/32/84/4155fcd362e8873eb6ce305acfeeadacd9e0e59415adac474bea3d9281bb/onnxruntime-1.24.4-cp311-cp311-win_arm64.whl", hash = "sha256:e26478356dba25631fb3f20112e345f8e8bf62c499bb497e8a559f7d69cf7e7b", size = 12259895, upload-time = "2026-03-17T22:05:28.812Z" },
    { url = "https://files.pythonhosted.org/packages/d7/38/31db1b232b4ba960065a90c1506ad7a56995cd8482033184e97fadca17cc/onnxruntime-1.24.4-cp312-cp312-macosx_14_0_arm64.whl", hash = "sha256:cad1c2b3f455c55678ab2a8caa51fb420c25e6e3cf10f4c23653cdabedc8de78", size = 17341875, upload-time = "2026-03-17T22:05:51.669Z" },
    { url = "https://files.pythonhosted.org/packages/8b/f4/6b89e297b93704345f0f3f8c62229bee323ef25682a3f9b4f89a39324950/onnxruntime-1.24.4-cp312-cp312-win_amd64.whl", hash = "sha256:535b29475ca42b593c45fbb2152fbf1cdf3f287315bf650e6a724a0a1d065cdb", size = 12596856, upload-time = "2026-03-17T22:05:41.224Z" },
    { url = "https://files.pythonhosted.org/packages/43/06/8b8ec6e9e6a474fcd5d772453f627ad4549dfe3ab8c0bf70af5afcde551b/onnxruntime-1.24.4-cp312-cp312-win_arm64.whl", hash = "sha256:e6214096e14b7b52e3bee1903dc12dc7ca09cb65e26664668a4620cc5e6f9a90", size = 12270275, upload-time = "2026-03-17T22:05:31.132Z" },
]

[[package]]
name = "onnxruntime-gpu"
version = "1.24.4"
source = { registry = "https://pypi.org/simple" }
dependencies = [
    { name = "flatbuffers", marker = "sys_platform != 'darwin'" },
    { name = "numpy", marker = "sys_platform != 'darwin'" },
    { name = "packaging", marker = "sys_platform != 'darwin'" },
    { name = "protobuf", marker = "sys_platform != 'darwin'" },
    { name = "sympy", marker = "sys_platform != 'darwin'" },
]
wheels = [
    { url = "https://files.pythonhosted.org/packages/9f/13/e080d758f2b60f71abe518c707135fb121d6a3019e0761ead89b5283ac3d/onnxruntime_gpu-1.24.4-cp311-cp311-manylinux_2_27_x86_64.manylinux_2_28_x86_64.whl", hash = "sha256:c2a698659271c28220b3f56fe9b63f70eae3b3c36afa544201bf750b929a36dc", size = 252761835, upload-time = "2026-03-17T22:03:45.584Z" },
    { url = "https://files.pythonhosted.org/packages/d0/2c/5b3fd4748cf7ed291eae541a37e426efc20ea04cb6e6a05768304ab0aa41/onnxruntime_gpu-1.24.4-cp312-cp312-manylinux_2_27_x86_64.manylinux_2_28_x86_64.whl", hash = "sha256:eb0e38f0c1ef3b76ae0081c8e51eed20dd8925aa916f0fc6f9b8b17d05610e99", size = 252765531, upload-time = "2026-03-17T22:03:57.528Z" },
]

[package.optional-dependencies]
cuda = [
    { name = "nvidia-cuda-nvrtc-cu12", marker = "sys_platform != 'darwin'" },
    { name = "nvidia-cuda-runtime-cu12", marker = "sys_platform != 'darwin'" },
    { name = "nvidia-cufft-cu12", marker = "sys_platform != 'darwin'" },
    { name = "nvidia-curand-cu12", marker = "sys_platform != 'darwin'" },
]
cudnn = [
    { name = "nvidia-cudnn-cu12", marker = "sys_platform != 'darwin'" },
]

[[package]]
name = "opencv-python-headless"
version = "4.11.0.86"
source = { registry = "https://pypi.org/simple" }
dependencies = [
    { name = "numpy" },
]
sdist = { url = "https://files.pythonhosted.org/packages/36/2f/5b2b3ba52c864848885ba988f24b7f105052f68da9ab0e693cc7c25b0b30/opencv-python-headless-4.11.0.86.tar.gz", hash = "sha256:996eb282ca4b43ec6a3972414de0e2331f5d9cda2b41091a49739c19fb843798", size = 95177929, upload-time = "2025-01-16T13:53:40.22Z" }
wheels = [
    { url = "https://files.pythonhosted.org/packages/dc/53/2c50afa0b1e05ecdb4603818e85f7d174e683d874ef63a6abe3ac92220c8/opencv_python_headless-4.11.0.86-cp37-abi3-macosx_13_0_arm64.whl", hash = "sha256:48128188ade4a7e517237c8e1e11a9cdf5c282761473383e77beb875bb1e61ca", size = 37326460, upload-time = "2025-01-16T13:52:57.015Z" },
    { url = "https://files.pythonhosted.org/packages/3b/43/68555327df94bb9b59a1fd645f63fafb0762515344d2046698762fc19d58/opencv_python_headless-4.11.0.86-cp37-abi3-macosx_13_0_x86_64.whl", hash = "sha256:a66c1b286a9de872c343ee7c3553b084244299714ebb50fbdcd76f07ebbe6c81", size = 56723330, upload-time = "2025-01-16T13:55:45.731Z" },
    { url = "https://files.pythonhosted.org/packages/45/be/1438ce43ebe65317344a87e4b150865c5585f4c0db880a34cdae5ac46881/opencv_python_headless-4.11.0.86-cp37-abi3-manylinux_2_17_aarch64.manylinux2014_aarch64.whl", hash = "sha256:6efabcaa9df731f29e5ea9051776715b1bdd1845d7c9530065c7951d2a2899eb", size = 29487060, upload-time = "2025-01-16T13:51:59.625Z" },
    { url = "https://files.pythonhosted.org/packages/dd/5c/c139a7876099916879609372bfa513b7f1257f7f1a908b0bdc1c2328241b/opencv_python_headless-4.11.0.86-cp37-abi3-manylinux_2_17_x86_64.manylinux2014_x86_64.whl", hash = "sha256:0e0a27c19dd1f40ddff94976cfe43066fbbe9dfbb2ec1907d66c19caef42a57b", size = 49969856, upload-time = "2025-01-16T13:53:29.654Z" },
    { url = "https://files.pythonhosted.org/packages/95/dd/ed1191c9dc91abcc9f752b499b7928aacabf10567bb2c2535944d848af18/opencv_python_headless-4.11.0.86-cp37-abi3-win32.whl", hash = "sha256:f447d8acbb0b6f2808da71fddd29c1cdd448d2bc98f72d9bb78a7a898fc9621b", size = 29324425, upload-time = "2025-01-16T13:52:49.048Z" },
    { url = "https://files.pythonhosted.org/packages/86/8a/69176a64335aed183529207ba8bc3d329c2999d852b4f3818027203f50e6/opencv_python_headless-4.11.0.86-cp37-abi3-win_amd64.whl", hash = "sha256:6c304df9caa7a6a5710b91709dd4786bf20a74d57672b3c31f7033cc638174ca", size = 39402386, upload-time = "2025-01-16T13:52:56.418Z" },
]

[[package]]
name = "packaging"
version = "26.0"
source = { registry = "https://pypi.org/simple" }
sdist = { url = "https://files.pythonhosted.org/packages/65/ee/299d360cdc32edc7d2cf530f3accf79c4fca01e96ffc950d8a52213bd8e4/packaging-26.0.tar.gz", hash = "sha256:00243ae351a257117b6a241061796684b084ed1c516a08c48a3f7e147a9d80b4", size = 143416, upload-time = "2026-01-21T20:50:39.064Z" }
wheels = [
    { url = "https://files.pythonhosted.org/packages/b7/b9/c538f279a4e237a006a2c98387d081e9eb060d203d8ed34467cc0f0b9b53/packaging-26.0-py3-none-any.whl", hash = "sha256:b36f1fef9334a5588b4166f8bcd26a14e521f2b55e6b9de3aaa80d3ff7a37529", size = 74366, upload-time = "2026-01-21T20:50:37.788Z" },
]

[[package]]
name = "pillow"
version = "12.2.0"
source = { registry = "https://pypi.org/simple" }
sdist = { url = "https://files.pythonhosted.org/packages/8c/21/c2bcdd5906101a30244eaffc1b6e6ce71a31bd0742a01eb89e660ebfac2d/pillow-12.2.0.tar.gz", hash = "sha256:a830b1a40919539d07806aa58e1b114df53ddd43213d9c8b75847eee6c0182b5", size = 46987819, upload-time = "2026-04-01T14:46:17.687Z" }
wheels = [
    { url = "https://files.pythonhosted.org/packages/68/e1/748f5663efe6edcfc4e74b2b93edfb9b8b99b67f21a854c3ae416500a2d9/pillow-12.2.0-cp311-cp311-macosx_10_10_x86_64.whl", hash = "sha256:8be29e59487a79f173507c30ddf57e733a357f67881430449bb32614075a40ab", size = 5354347, upload-time = "2026-04-01T14:42:44.255Z" },
    { url = "https://files.pythonhosted.org/packages/47/a1/d5ff69e747374c33a3b53b9f98cca7889fce1fd03d79cdc4e1bccc6c5a87/pillow-12.2.0-cp311-cp311-macosx_11_0_arm64.whl", hash = "sha256:71cde9a1e1551df7d34a25462fc60325e8a11a82cc2e2f54578e5e9a1e153d65", size = 4695873, upload-time = "2026-04-01T14:42:46.452Z" },
    { url = "https://files.pythonhosted.org/packages/df/21/e3fbdf54408a973c7f7f89a23b2cb97a7ef30c61ab4142af31eee6aebc88/pillow-12.2.0-cp311-cp311-manylinux2014_aarch64.manylinux_2_17_aarch64.whl", hash = "sha256:f490f9368b6fc026f021db16d7ec2fbf7d89e2edb42e8ec09d2c60505f5729c7", size = 6280168, upload-time = "2026-04-01T14:42:49.228Z" },
    { url = "https://files.pythonhosted.org/packages/d3/f1/00b7278c7dd52b17ad4329153748f87b6756ec195ff786c2bdf12518337d/pillow-12.2.0-cp311-cp311-manylinux2014_x86_64.manylinux_2_17_x86_64.whl", hash = "sha256:8bd7903a5f2a4545f6fd5935c90058b89d30045568985a71c79f5fd6edf9b91e", size = 8088188, upload-time = "2026-04-01T14:42:51.735Z" },
    { url = "https://files.pythonhosted.org/packages/ad/cf/220a5994ef1b10e70e85748b75649d77d506499352be135a4989c957b701/pillow-12.2.0-cp311-cp311-manylinux_2_27_aarch64.manylinux_2_28_aarch64.whl", hash = "sha256:3997232e10d2920a68d25191392e3a4487d8183039e1c74c2297f00ed1c50705", size = 6394401, upload-time = "2026-04-01T14:42:54.343Z" },
    { url = "https://files.pythonhosted.org/packages/e9/bd/e51a61b1054f09437acfbc2ff9106c30d1eb76bc1453d428399946781253/pillow-12.2.0-cp311-cp311-manylinux_2_27_x86_64.manylinux_2_28_x86_64.whl", hash = "sha256:e74473c875d78b8e9d5da2a70f7099549f9eb37ded4e2f6a463e60125bccd176", size = 7079655, upload-time = "2026-04-01T14:42:56.954Z" },
    { url = "https://files.pythonhosted.org/packages/6b/3d/45132c57d5fb4b5744567c3817026480ac7fc3ce5d4c47902bc0e7f6f853/pillow-12.2.0-cp311-cp311-musllinux_1_2_aarch64.whl", hash = "sha256:56a3f9c60a13133a98ecff6197af34d7824de9b7b38c3654861a725c970c197b", size = 6503105, upload-time = "2026-04-01T14:42:59.847Z" },
    { url = "https://files.pythonhosted.org/packages/7d/2e/9df2fc1e82097b1df3dce58dc43286aa01068e918c07574711fcc53e6fb4/pillow-12.2.0-cp311-cp311-musllinux_1_2_x86_64.whl", hash = "sha256:90e6f81de50ad6b534cab6e5aef77ff6e37722b2f5d908686f4a5c9eba17a909", size = 7203402, upload-time = "2026-04-01T14:43:02.664Z" },
    { url = "https://files.pythonhosted.org/packages/bd/2e/2941e42858ebb67e50ae741473de81c2984e6eff7b397017623c676e2e8d/pillow-12.2.0-cp311-cp311-win32.whl", hash = "sha256:8c984051042858021a54926eb597d6ee3012393ce9c181814115df4c60b9a808", size = 6378149, upload-time = "2026-04-01T14:43:05.274Z" },
    { url = "https://files.pythonhosted.org/packages/69/42/836b6f3cd7f3e5fa10a1f1a5420447c17966044c8fbf589cc0452d5502db/pillow-12.2.0-cp311-cp311-win_amd64.whl", hash = "sha256:6e6b2a0c538fc200b38ff9eb6628228b77908c319a005815f2dde585a0664b60", size = 7082626, upload-time = "2026-04-01T14:43:08.557Z" },
    { url = "https://files.pythonhosted.org/packages/c2/88/549194b5d6f1f494b485e493edc6693c0a16f4ada488e5bd974ed1f42fad/pillow-12.2.0-cp311-cp311-win_arm64.whl", hash = "sha256:9a8a34cc89c67a65ea7437ce257cea81a9dad65b29805f3ecee8c8fe8ff25ffe", size = 2463531, upload-time = "2026-04-01T14:43:10.743Z" },
    { url = "https://files.pythonhosted.org/packages/58/be/7482c8a5ebebbc6470b3eb791812fff7d5e0216c2be3827b30b8bb6603ed/pillow-12.2.0-cp312-cp312-macosx_10_13_x86_64.whl", hash = "sha256:2d192a155bbcec180f8564f693e6fd9bccff5a7af9b32e2e4bf8c9c69dbad6b5", size = 5308279, upload-time = "2026-04-01T14:43:13.246Z" },
    { url = "https://files.pythonhosted.org/packages/d8/95/0a351b9289c2b5cbde0bacd4a83ebc44023e835490a727b2a3bd60ddc0f4/pillow-12.2.0-cp312-cp312-macosx_11_0_arm64.whl", hash = "sha256:f3f40b3c5a968281fd507d519e444c35f0ff171237f4fdde090dd60699458421", size = 4695490, upload-time = "2026-04-01T14:43:15.584Z" },
    { url = "https://files.pythonhosted.org/packages/de/af/4e8e6869cbed569d43c416fad3dc4ecb944cb5d9492defaed89ddd6fe871/pillow-12.2.0-cp312-cp312-manylinux2014_aarch64.manylinux_2_17_aarch64.whl", hash = "sha256:03e7e372d5240cc23e9f07deca4d775c0817bffc641b01e9c3af208dbd300987", size = 6284462, upload-time = "2026-04-01T14:43:18.268Z" },
    { url = "https://files.pythonhosted.org/packages/e9/9e/c05e19657fd57841e476be1ab46c4d501bffbadbafdc31a6d665f8b737b6/pillow-12.2.0-cp312-cp312-manylinux2014_x86_64.manylinux_2_17_x86_64.whl", hash = "sha256:b86024e52a1b269467a802258c25521e6d742349d760728092e1bc2d135b4d76", size = 8094744, upload-time = "2026-04-01T14:43:20.716Z" },
    { url = "https://files.pythonhosted.org/packages/2b/54/1789c455ed10176066b6e7e6da1b01e50e36f94ba584dc68d9eebfe9156d/pillow-12.2.0-cp312-cp312-manylinux_2_27_aarch64.manylinux_2_28_aarch64.whl", hash = "sha256:7371b48c4fa448d20d2714c9a1f775a81155050d383333e0a6c15b1123dda005", size = 6398371, upload-time = "2026-04-01T14:43:23.443Z" },
    { url = "https://files.pythonhosted.org/packages/43/e3/fdc657359e919462369869f1c9f0e973f353f9a9ee295a39b1fea8ee1a77/pillow-12.2.0-cp312-cp312-manylinux_2_27_x86_64.manylinux_2_28_x86_64.whl", hash = "sha256:62f5409336adb0663b7caa0da5c7d9e7bdbaae9ce761d34669420c2a801b2780", size = 7087215, upload-time = "2026-04-01T14:43:26.758Z" },
    { url = "https://files.pythonhosted.org/packages/8b/f8/2f6825e441d5b1959d2ca5adec984210f1ec086435b0ed5f52c19b3b8a6e/pillow-12.2.0-cp312-cp312-musllinux_1_2_aarch64.whl", hash = "sha256:01afa7cf67f74f09523699b4e88c73fb55c13346d212a59a2db1f86b0a63e8c5", size = 6509783, upload-time = "2026-04-01T14:43:29.56Z" },
    { url = "https://files.pythonhosted.org/packages/67/f9/029a27095ad20f854f9dba026b3ea6428548316e057e6fc3545409e86651/pillow-12.2.0-cp312-cp312-musllinux_1_2_x86_64.whl", hash = "sha256:fc3d34d4a8fbec3e88a79b92e5465e0f9b842b628675850d860b8bd300b159f5", size = 7212112, upload-time = "2026-04-01T14:43:32.091Z" },
    { url = "https://files.pythonhosted.org/packages/be/42/025cfe05d1be22dbfdb4f264fe9de1ccda83f66e4fc3aac94748e784af04/pillow-12.2.0-cp312-cp312-win32.whl", hash = "sha256:58f62cc0f00fd29e64b29f4fd923ffdb3859c9f9e6105bfc37ba1d08994e8940", size = 6378489, upload-time = "2026-04-01T14:43:34.601Z" },
    { url = "https://files.pythonhosted.org/packages/5d/7b/25a221d2c761c6a8ae21bfa3874988ff2583e19cf8a27bf2fee358df7942/pillow-12.2.0-cp312-cp312-win_amd64.whl", hash = "sha256:7f84204dee22a783350679a0333981df803dac21a0190d706a50475e361c93f5", size = 7084129, upload-time = "2026-04-01T14:43:37.213Z" },
    { url = "https://files.pythonhosted.org/packages/10/e1/542a474affab20fd4a0f1836cb234e8493519da6b76899e30bcc5d990b8b/pillow-12.2.0-cp312-cp312-win_arm64.whl", hash = "sha256:af73337013e0b3b46f175e79492d96845b16126ddf79c438d7ea7ff27783a414", size = 2463612, upload-time = "2026-04-01T14:43:39.421Z" },
    { url = "https://files.pythonhosted.org/packages/4e/b7/2437044fb910f499610356d1352e3423753c98e34f915252aafecc64889f/pillow-12.2.0-pp311-pypy311_pp73-macosx_10_15_x86_64.whl", hash = "sha256:0538bd5e05efec03ae613fd89c4ce0368ecd2ba239cc25b9f9be7ed426b0af1f", size = 5273969, upload-time = "2026-04-01T14:45:55.538Z" },
    { url = "https://files.pythonhosted.org/packages/f6/f4/8316e31de11b780f4ac08ef3654a75555e624a98db1056ecb2122d008d5a/pillow-12.2.0-pp311-pypy311_pp73-macosx_11_0_arm64.whl", hash = "sha256:394167b21da716608eac917c60aa9b969421b5dcbbe02ae7f013e7b85811c69d", size = 4659674, upload-time = "2026-04-01T14:45:58.093Z" },
    { url = "https://files.pythonhosted.org/packages/d4/37/664fca7201f8bb2aa1d20e2c3d5564a62e6ae5111741966c8319ca802361/pillow-12.2.0-pp311-pypy311_pp73-manylinux2014_aarch64.manylinux_2_17_aarch64.whl", hash = "sha256:5d04bfa02cc2d23b497d1e90a0f927070043f6cbf303e738300532379a4b4e0f", size = 5288479, upload-time = "2026-04-01T14:46:01.141Z" },
    { url = "https://files.pythonhosted.org/packages/49/62/5b0ed78fce87346be7a5cfcfaaad91f6a1f98c26f86bdbafa2066c647ef6/pillow-12.2.0-pp311-pypy311_pp73-manylinux2014_x86_64.manylinux_2_17_x86_64.whl", hash = "sha256:0c838a5125cee37e68edec915651521191cef1e6aa336b855f495766e77a366e", size = 7032230, upload-time = "2026-04-01T14:46:03.874Z" },
    { url = "https://files.pythonhosted.org/packages/c3/28/ec0fc38107fc32536908034e990c47914c57cd7c5a3ece4d8d8f7ffd7e27/pillow-12.2.0-pp311-pypy311_pp73-manylinux_2_27_aarch64.manylinux_2_28_aarch64.whl", hash = "sha256:4a6c9fa44005fa37a91ebfc95d081e8079757d2e904b27103f4f5fa6f0bf78c0", size = 5355404, upload-time = "2026-04-01T14:46:06.33Z" },
    { url = "https://files.pythonhosted.org/packages/5e/8b/51b0eddcfa2180d60e41f06bd6d0a62202b20b59c68f5a132e615b75aecf/pillow-12.2.0-pp311-pypy311_pp73-manylinux_2_27_x86_64.manylinux_2_28_x86_64.whl", hash = "sha256:25373b66e0dd5905ed63fa3cae13c82fbddf3079f2c8bf15c6fb6a35586324c1", size = 6002215, upload-time = "2026-04-01T14:46:08.83Z" },
    { url = "https://files.pythonhosted.org/packages/bc/60/5382c03e1970de634027cee8e1b7d39776b778b81812aaf45b694dfe9e28/pillow-12.2.0-pp311-pypy311_pp73-win_amd64.whl", hash = "sha256:bfa9c230d2fe991bed5318a5f119bd6780cda2915cca595393649fc118ab895e", size = 7080946, upload-time = "2026-04-01T14:46:11.734Z" },
]

[[package]]
name = "pluggy"
version = "1.6.0"
source = { registry = "https://pypi.org/simple" }
sdist = { url = "https://files.pythonhosted.org/packages/f9/e2/3e91f31a7d2b083fe6ef3fa267035b518369d9511ffab804f839851d2779/pluggy-1.6.0.tar.gz", hash = "sha256:7dcc130b76258d33b90f61b658791dede3486c3e6bfb003ee5c9bfb396dd22f3", size = 69412, upload-time = "2025-05-15T12:30:07.975Z" }
wheels = [
    { url = "https://files.pythonhosted.org/packages/54/20/4d324d65cc6d9205fabedc306948156824eb9f0ee1633355a8f7ec5c66bf/pluggy-1.6.0-py3-none-any.whl", hash = "sha256:e920276dd6813095e9377c0bc5566d94c932c33b27a3e3945d8389c374dd4746", size = 20538, upload-time = "2025-05-15T12:30:06.134Z" },
]

[[package]]
name = "protobuf"
version = "7.34.1"
source = { registry = "https://pypi.org/simple" }
sdist = { url = "https://files.pythonhosted.org/packages/6b/6b/a0e95cad1ad7cc3f2c6821fcab91671bd5b78bd42afb357bb4765f29bc41/protobuf-7.34.1.tar.gz", hash = "sha256:9ce42245e704cc5027be797c1db1eb93184d44d1cdd71811fb2d9b25ad541280", size = 454708, upload-time = "2026-03-20T17:34:47.036Z" }
wheels = [
    { url = "https://files.pythonhosted.org/packages/ec/11/3325d41e6ee15bf1125654301211247b042563bcc898784351252549a8ad/protobuf-7.34.1-cp310-abi3-macosx_10_9_universal2.whl", hash = "sha256:d8b2cc79c4d8f62b293ad9b11ec3aebce9af481fa73e64556969f7345ebf9fc7", size = 429247, upload-time = "2026-03-20T17:34:37.024Z" },
    { url = "https://files.pythonhosted.org/packages/eb/9d/aa69df2724ff63efa6f72307b483ce0827f4347cc6d6df24b59e26659fef/protobuf-7.34.1-cp310-abi3-manylinux2014_aarch64.whl", hash = "sha256:5185e0e948d07abe94bb76ec9b8416b604cfe5da6f871d67aad30cbf24c3110b", size = 325753, upload-time = "2026-03-20T17:34:38.751Z" },
    { url = "https://files.pythonhosted.org/packages/92/e8/d174c91fd48e50101943f042b09af9029064810b734e4160bbe282fa1caa/protobuf-7.34.1-cp310-abi3-manylinux2014_s390x.whl", hash = "sha256:403b093a6e28a960372b44e5eb081775c9b056e816a8029c61231743d63f881a", size = 340198, upload-time = "2026-03-20T17:34:39.871Z" },
    { url = "https://files.pythonhosted.org/packages/53/1b/3b431694a4dc6d37b9f653f0c64b0a0d9ec074ee810710c0c3da21d67ba7/protobuf-7.34.1-cp310-abi3-manylinux2014_x86_64.whl", hash = "sha256:8ff40ce8cd688f7265326b38d5a1bed9bfdf5e6723d49961432f83e21d5713e4", size = 324267, upload-time = "2026-03-20T17:34:41.1Z" },
    { url = "https://files.pythonhosted.org/packages/85/29/64de04a0ac142fb685fd09999bc3d337943fb386f3a0ec57f92fd8203f97/protobuf-7.34.1-cp310-abi3-win32.whl", hash = "sha256:34b84ce27680df7cca9f231043ada0daa55d0c44a2ddfaa58ec1d0d89d8bf60a", size = 426628, upload-time = "2026-03-20T17:34:42.536Z" },
    { url = "https://files.pythonhosted.org/packages/4d/87/cb5e585192a22b8bd457df5a2c16a75ea0db9674c3a0a39fc9347d84e075/protobuf-7.34.1-cp310-abi3-win_amd64.whl", hash = "sha256:e97b55646e6ce5cbb0954a8c28cd39a5869b59090dfaa7df4598a7fba869468c", size = 437901, upload-time = "2026-03-20T17:34:44.112Z" },
    { url = "https://files.pythonhosted.org/packages/88/95/608f665226bca68b736b79e457fded9a2a38c4f4379a4a7614303d9db3bc/protobuf-7.34.1-py3-none-any.whl", hash = "sha256:bb3812cd53aefea2b028ef42bd780f5b96407247f20c6ef7c679807e9d188f11", size = 170715, upload-time = "2026-03-20T17:34:45.384Z" },
]

[[package]]
name = "pygments"
version = "2.20.0"
source = { registry = "https://pypi.org/simple" }
sdist = { url = "https://files.pythonhosted.org/packages/c3/b2/bc9c9196916376152d655522fdcebac55e66de6603a76a02bca1b6414f6c/pygments-2.20.0.tar.gz", hash = "sha256:6757cd03768053ff99f3039c1a36d6c0aa0b263438fcab17520b30a303a82b5f", size = 4955991, upload-time = "2026-03-29T13:29:33.898Z" }
wheels = [
    { url = "https://files.pythonhosted.org/packages/f4/7e/a72dd26f3b0f4f2bf1dd8923c85f7ceb43172af56d63c7383eb62b332364/pygments-2.20.0-py3-none-any.whl", hash = "sha256:81a9e26dd42fd28a23a2d169d86d7ac03b46e2f8b59ed4698fb4785f946d0176", size = 1231151, upload-time = "2026-03-29T13:29:30.038Z" },
]

[[package]]
name = "pytest"
version = "9.0.2"
source = { registry = "https://pypi.org/simple" }
dependencies = [
    { name = "colorama", marker = "sys_platform == 'win32'" },
    { name = "iniconfig" },
    { name = "packaging" },
    { name = "pluggy" },
    { name = "pygments" },
]
sdist = { url = "https://files.pythonhosted.org/packages/d1/db/7ef3487e0fb0049ddb5ce41d3a49c235bf9ad299b6a25d5780a89f19230f/pytest-9.0.2.tar.gz", hash = "sha256:75186651a92bd89611d1d9fc20f0b4345fd827c41ccd5c299a868a05d70edf11", size = 1568901, upload-time = "2025-12-06T21:30:51.014Z" }
wheels = [
    { url = "https://files.pythonhosted.org/packages/3b/ab/b3226f0bd7cdcf710fbede2b3548584366da3b19b5021e74f5bde2a8fa3f/pytest-9.0.2-py3-none-any.whl", hash = "sha256:711ffd45bf766d5264d487b917733b453d917afd2b0ad65223959f59089f875b", size = 374801, upload-time = "2025-12-06T21:30:49.154Z" },
]

[[package]]
name = "pytest-mock"
version = "3.15.1"
source = { registry = "https://pypi.org/simple" }
dependencies = [
    { name = "pytest" },
]
sdist = { url = "https://files.pythonhosted.org/packages/68/14/eb014d26be205d38ad5ad20d9a80f7d201472e08167f0bb4361e251084a9/pytest_mock-3.15.1.tar.gz", hash = "sha256:1849a238f6f396da19762269de72cb1814ab44416fa73a8686deac10b0d87a0f", size = 34036, upload-time = "2025-09-16T16:37:27.081Z" }
wheels = [
    { url = "https://files.pythonhosted.org/packages/5a/cc/06253936f4a7fa2e0f48dfe6d851d9c56df896a9ab09ac019d70b760619c/pytest_mock-3.15.1-py3-none-any.whl", hash = "sha256:0a25e2eb88fe5168d535041d09a4529a188176ae608a6d249ee65abc0949630d", size = 10095, upload-time = "2025-09-16T16:37:25.734Z" },
]

[[package]]
name = "sympy"
version = "1.14.0"
source = { registry = "https://pypi.org/simple" }
dependencies = [
    { name = "mpmath" },
]
sdist = { url = "https://files.pythonhosted.org/packages/83/d3/803453b36afefb7c2bb238361cd4ae6125a569b4db67cd9e79846ba2d68c/sympy-1.14.0.tar.gz", hash = "sha256:d3d3fe8df1e5a0b42f0e7bdf50541697dbe7d23746e894990c030e2b05e72517", size = 7793921, upload-time = "2025-04-27T18:05:01.611Z" }
wheels = [
    { url = "https://files.pythonhosted.org/packages/a2/09/77d55d46fd61b4a135c444fc97158ef34a095e5681d0a6c10b75bf356191/sympy-1.14.0-py3-none-any.whl", hash = "sha256:e091cc3e99d2141a0ba2847328f5479b05d94a6635cb96148ccb3f34671bd8f5", size = 6299353, upload-time = "2025-04-27T18:04:59.103Z" },
]
